
Microsoft Visual Studio Solution File, Format Version 12.00
# Visual Studio 14
VisualStudioVersion = 14.0.25420.1
MinimumVisualStudioVersion = 10.0.40219.1
Project("{FAE04EC0-301F-11D3-BF4B-00C04F79EFBC}") = "AspNetIdentity.WebApi", "AspNetIdentity.WebApi\AspNetIdentity.WebApi.csproj", "{29D7C2E8-D844-4670-85CC-BFB2469BD847}"
EndProject
Project("{2150E333-8FDC-42A3-9474-1A3956D46DE8}") = "Web", "Web", "{2BB5C516-D933-427B-9E7C-5D7E9A4D58BE}"
EndProject
Project("{2150E333-8FDC-42A3-9474-1A3956D46DE8}") = "Client", "Client", "{84D38C2F-5BA6-40DE-9F6D-7AF3D2CE14EE}"
EndProject
Project("{FAE04EC0-301F-11D3-BF4B-00C04F79EFBC}") = "XamarinApp.Android", "XamarinApp\XamarinApp.Android\XamarinApp.Android.csproj", "{060E523E-6838-46E5-AF6C-F6936F6B6A44}"
EndProject
Project("{FAE04EC0-301F-11D3-BF4B-00C04F79EFBC}") = "XamarinApp", "XamarinApp\XamarinApp\XamarinApp.csproj", "{F4B77395-552C-4088-A042-3AEB4CF36566}"
EndProject
Project("{FAE04EC0-301F-11D3-BF4B-00C04F79EFBC}") = "XamarinApp.UWP", "XamarinApp\XamarinApp.UWP\XamarinApp.UWP.csproj", "{8C9E96C2-A26A-4CAF-99B5-61A9CA987FD6}"
EndProject
Project("{FAE04EC0-301F-11D3-BF4B-00C04F79EFBC}") = "XamarinApp.iOS", "XamarinApp\XamarinApp.iOS\XamarinApp.iOS.csproj", "{4E3FD59A-59E8-47BB-B396-1E71F688E990}"
EndProject
Project("{FAE04EC0-301F-11D3-BF4B-00C04F79EFBC}") = "CheapIdeas", "CheapIdeas\CheapIdeas.csproj", "{970EAD8C-A8AD-411E-B878-6E98EA7DE090}"
EndProject
Project("{2150E333-8FDC-42A3-9474-1A3956D46DE8}") = "CheapIdeasClient", "CheapIdeasClient", "{07064A53-B81B-4046-BCC5-22FD027127E5}"
EndProject
Project("{2150E333-8FDC-42A3-9474-1A3956D46DE8}") = "CheapIdeasWeb", "CheapIdeasWeb", "{6C3896B1-A059-470C-BAB7-D3C32D7A9B43}"
EndProject
Project("{FAE04EC0-301F-11D3-BF4B-00C04F79EFBC}") = "Ideas", "Ideas\Ideas\Ideas.csproj", "{F4618298-534D-49F4-9117-7C80A8C22BFB}"
EndProject
Project("{FAE04EC0-301F-11D3-BF4B-00C04F79EFBC}") = "Ideas.Droid", "Ideas\Ideas.Droid\Ideas.Droid.csproj", "{E5B70DF5-D601-43C3-83E2-3B6A64799F4C}"
EndProject
Project("{FAE04EC0-301F-11D3-BF4B-00C04F79EFBC}") = "Ideas.iOS", "Ideas\Ideas.iOS\Ideas.iOS.csproj", "{A687E8F9-2F3E-4505-99F1-8870CBC41E31}"
EndProject
Project("{FAE04EC0-301F-11D3-BF4B-00C04F79EFBC}") = "Ideas.WinPhone", "Ideas\Ideas.WinPhone\Ideas.WinPhone.csproj", "{D75D28CB-072B-4436-B939-DB1640EC03FE}"
EndProject
Project("{FAE04EC0-301F-11D3-BF4B-00C04F79EFBC}") = "Ideas.UWP", "Ideas\Ideas.UWP\Ideas.UWP.csproj", "{411C5D82-0056-4AFD-AA67-6CDA4AD888D4}"
EndProject
Project("{FAE04EC0-301F-11D3-BF4B-00C04F79EFBC}") = "Ideas.Windows", "Ideas\Ideas.Windows\Ideas.Windows.csproj", "{CB154258-5F58-43FA-B482-0C0F53B59185}"
EndProject
Global
	GlobalSection(SolutionConfigurationPlatforms) = preSolution
		Ad-Hoc|Any CPU = Ad-Hoc|Any CPU
		Ad-Hoc|ARM = Ad-Hoc|ARM
		Ad-Hoc|iPhone = Ad-Hoc|iPhone
		Ad-Hoc|iPhoneSimulator = Ad-Hoc|iPhoneSimulator
		Ad-Hoc|x64 = Ad-Hoc|x64
		Ad-Hoc|x86 = Ad-Hoc|x86
		AppStore|Any CPU = AppStore|Any CPU
		AppStore|ARM = AppStore|ARM
		AppStore|iPhone = AppStore|iPhone
		AppStore|iPhoneSimulator = AppStore|iPhoneSimulator
		AppStore|x64 = AppStore|x64
		AppStore|x86 = AppStore|x86
		Debug|Any CPU = Debug|Any CPU
		Debug|ARM = Debug|ARM
		Debug|iPhone = Debug|iPhone
		Debug|iPhoneSimulator = Debug|iPhoneSimulator
		Debug|x64 = Debug|x64
		Debug|x86 = Debug|x86
		Release|Any CPU = Release|Any CPU
		Release|ARM = Release|ARM
		Release|iPhone = Release|iPhone
		Release|iPhoneSimulator = Release|iPhoneSimulator
		Release|x64 = Release|x64
		Release|x86 = Release|x86
	EndGlobalSection
	GlobalSection(ProjectConfigurationPlatforms) = postSolution
		{29D7C2E8-D844-4670-85CC-BFB2469BD847}.Ad-Hoc|Any CPU.ActiveCfg = Release|Any CPU
		{29D7C2E8-D844-4670-85CC-BFB2469BD847}.Ad-Hoc|Any CPU.Build.0 = Release|Any CPU
		{29D7C2E8-D844-4670-85CC-BFB2469BD847}.Ad-Hoc|ARM.ActiveCfg = Release|Any CPU
		{29D7C2E8-D844-4670-85CC-BFB2469BD847}.Ad-Hoc|ARM.Build.0 = Release|Any CPU
		{29D7C2E8-D844-4670-85CC-BFB2469BD847}.Ad-Hoc|iPhone.ActiveCfg = Release|Any CPU
		{29D7C2E8-D844-4670-85CC-BFB2469BD847}.Ad-Hoc|iPhone.Build.0 = Release|Any CPU
		{29D7C2E8-D844-4670-85CC-BFB2469BD847}.Ad-Hoc|iPhoneSimulator.ActiveCfg = Release|Any CPU
		{29D7C2E8-D844-4670-85CC-BFB2469BD847}.Ad-Hoc|iPhoneSimulator.Build.0 = Release|Any CPU
		{29D7C2E8-D844-4670-85CC-BFB2469BD847}.Ad-Hoc|x64.ActiveCfg = Release|Any CPU
		{29D7C2E8-D844-4670-85CC-BFB2469BD847}.Ad-Hoc|x64.Build.0 = Release|Any CPU
		{29D7C2E8-D844-4670-85CC-BFB2469BD847}.Ad-Hoc|x86.ActiveCfg = Release|Any CPU
		{29D7C2E8-D844-4670-85CC-BFB2469BD847}.Ad-Hoc|x86.Build.0 = Release|Any CPU
		{29D7C2E8-D844-4670-85CC-BFB2469BD847}.AppStore|Any CPU.ActiveCfg = Release|Any CPU
		{29D7C2E8-D844-4670-85CC-BFB2469BD847}.AppStore|Any CPU.Build.0 = Release|Any CPU
		{29D7C2E8-D844-4670-85CC-BFB2469BD847}.AppStore|ARM.ActiveCfg = Release|Any CPU
		{29D7C2E8-D844-4670-85CC-BFB2469BD847}.AppStore|ARM.Build.0 = Release|Any CPU
		{29D7C2E8-D844-4670-85CC-BFB2469BD847}.AppStore|iPhone.ActiveCfg = Release|Any CPU
		{29D7C2E8-D844-4670-85CC-BFB2469BD847}.AppStore|iPhone.Build.0 = Release|Any CPU
		{29D7C2E8-D844-4670-85CC-BFB2469BD847}.AppStore|iPhoneSimulator.ActiveCfg = Release|Any CPU
		{29D7C2E8-D844-4670-85CC-BFB2469BD847}.AppStore|iPhoneSimulator.Build.0 = Release|Any CPU
		{29D7C2E8-D844-4670-85CC-BFB2469BD847}.AppStore|x64.ActiveCfg = Release|Any CPU
		{29D7C2E8-D844-4670-85CC-BFB2469BD847}.AppStore|x64.Build.0 = Release|Any CPU
		{29D7C2E8-D844-4670-85CC-BFB2469BD847}.AppStore|x86.ActiveCfg = Release|Any CPU
		{29D7C2E8-D844-4670-85CC-BFB2469BD847}.AppStore|x86.Build.0 = Release|Any CPU
		{29D7C2E8-D844-4670-85CC-BFB2469BD847}.Debug|Any CPU.ActiveCfg = Debug|Any CPU
		{29D7C2E8-D844-4670-85CC-BFB2469BD847}.Debug|Any CPU.Build.0 = Debug|Any CPU
		{29D7C2E8-D844-4670-85CC-BFB2469BD847}.Debug|ARM.ActiveCfg = Debug|Any CPU
		{29D7C2E8-D844-4670-85CC-BFB2469BD847}.Debug|ARM.Build.0 = Debug|Any CPU
		{29D7C2E8-D844-4670-85CC-BFB2469BD847}.Debug|iPhone.ActiveCfg = Debug|Any CPU
		{29D7C2E8-D844-4670-85CC-BFB2469BD847}.Debug|iPhone.Build.0 = Debug|Any CPU
		{29D7C2E8-D844-4670-85CC-BFB2469BD847}.Debug|iPhoneSimulator.ActiveCfg = Debug|Any CPU
		{29D7C2E8-D844-4670-85CC-BFB2469BD847}.Debug|iPhoneSimulator.Build.0 = Debug|Any CPU
		{29D7C2E8-D844-4670-85CC-BFB2469BD847}.Debug|x64.ActiveCfg = Debug|Any CPU
		{29D7C2E8-D844-4670-85CC-BFB2469BD847}.Debug|x64.Build.0 = Debug|Any CPU
		{29D7C2E8-D844-4670-85CC-BFB2469BD847}.Debug|x86.ActiveCfg = Debug|Any CPU
		{29D7C2E8-D844-4670-85CC-BFB2469BD847}.Debug|x86.Build.0 = Debug|Any CPU
		{29D7C2E8-D844-4670-85CC-BFB2469BD847}.Release|Any CPU.ActiveCfg = Release|Any CPU
		{29D7C2E8-D844-4670-85CC-BFB2469BD847}.Release|Any CPU.Build.0 = Release|Any CPU
		{29D7C2E8-D844-4670-85CC-BFB2469BD847}.Release|ARM.ActiveCfg = Release|Any CPU
		{29D7C2E8-D844-4670-85CC-BFB2469BD847}.Release|ARM.Build.0 = Release|Any CPU
		{29D7C2E8-D844-4670-85CC-BFB2469BD847}.Release|iPhone.ActiveCfg = Release|Any CPU
		{29D7C2E8-D844-4670-85CC-BFB2469BD847}.Release|iPhone.Build.0 = Release|Any CPU
		{29D7C2E8-D844-4670-85CC-BFB2469BD847}.Release|iPhoneSimulator.ActiveCfg = Release|Any CPU
		{29D7C2E8-D844-4670-85CC-BFB2469BD847}.Release|iPhoneSimulator.Build.0 = Release|Any CPU
		{29D7C2E8-D844-4670-85CC-BFB2469BD847}.Release|x64.ActiveCfg = Release|Any CPU
		{29D7C2E8-D844-4670-85CC-BFB2469BD847}.Release|x64.Build.0 = Release|Any CPU
		{29D7C2E8-D844-4670-85CC-BFB2469BD847}.Release|x86.ActiveCfg = Release|Any CPU
		{29D7C2E8-D844-4670-85CC-BFB2469BD847}.Release|x86.Build.0 = Release|Any CPU
		{060E523E-6838-46E5-AF6C-F6936F6B6A44}.Ad-Hoc|Any CPU.ActiveCfg = Release|Any CPU
		{060E523E-6838-46E5-AF6C-F6936F6B6A44}.Ad-Hoc|Any CPU.Build.0 = Release|Any CPU
		{060E523E-6838-46E5-AF6C-F6936F6B6A44}.Ad-Hoc|Any CPU.Deploy.0 = Release|Any CPU
		{060E523E-6838-46E5-AF6C-F6936F6B6A44}.Ad-Hoc|ARM.ActiveCfg = Release|Any CPU
		{060E523E-6838-46E5-AF6C-F6936F6B6A44}.Ad-Hoc|ARM.Build.0 = Release|Any CPU
		{060E523E-6838-46E5-AF6C-F6936F6B6A44}.Ad-Hoc|ARM.Deploy.0 = Release|Any CPU
		{060E523E-6838-46E5-AF6C-F6936F6B6A44}.Ad-Hoc|iPhone.ActiveCfg = Release|Any CPU
		{060E523E-6838-46E5-AF6C-F6936F6B6A44}.Ad-Hoc|iPhone.Build.0 = Release|Any CPU
		{060E523E-6838-46E5-AF6C-F6936F6B6A44}.Ad-Hoc|iPhone.Deploy.0 = Release|Any CPU
		{060E523E-6838-46E5-AF6C-F6936F6B6A44}.Ad-Hoc|iPhoneSimulator.ActiveCfg = Release|Any CPU
		{060E523E-6838-46E5-AF6C-F6936F6B6A44}.Ad-Hoc|iPhoneSimulator.Build.0 = Release|Any CPU
		{060E523E-6838-46E5-AF6C-F6936F6B6A44}.Ad-Hoc|iPhoneSimulator.Deploy.0 = Release|Any CPU
		{060E523E-6838-46E5-AF6C-F6936F6B6A44}.Ad-Hoc|x64.ActiveCfg = Release|Any CPU
		{060E523E-6838-46E5-AF6C-F6936F6B6A44}.Ad-Hoc|x64.Build.0 = Release|Any CPU
		{060E523E-6838-46E5-AF6C-F6936F6B6A44}.Ad-Hoc|x64.Deploy.0 = Release|Any CPU
		{060E523E-6838-46E5-AF6C-F6936F6B6A44}.Ad-Hoc|x86.ActiveCfg = Release|Any CPU
		{060E523E-6838-46E5-AF6C-F6936F6B6A44}.Ad-Hoc|x86.Build.0 = Release|Any CPU
		{060E523E-6838-46E5-AF6C-F6936F6B6A44}.Ad-Hoc|x86.Deploy.0 = Release|Any CPU
		{060E523E-6838-46E5-AF6C-F6936F6B6A44}.AppStore|Any CPU.ActiveCfg = Release|Any CPU
		{060E523E-6838-46E5-AF6C-F6936F6B6A44}.AppStore|Any CPU.Build.0 = Release|Any CPU
		{060E523E-6838-46E5-AF6C-F6936F6B6A44}.AppStore|Any CPU.Deploy.0 = Release|Any CPU
		{060E523E-6838-46E5-AF6C-F6936F6B6A44}.AppStore|ARM.ActiveCfg = Release|Any CPU
		{060E523E-6838-46E5-AF6C-F6936F6B6A44}.AppStore|ARM.Build.0 = Release|Any CPU
		{060E523E-6838-46E5-AF6C-F6936F6B6A44}.AppStore|ARM.Deploy.0 = Release|Any CPU
		{060E523E-6838-46E5-AF6C-F6936F6B6A44}.AppStore|iPhone.ActiveCfg = Release|Any CPU
		{060E523E-6838-46E5-AF6C-F6936F6B6A44}.AppStore|iPhone.Build.0 = Release|Any CPU
		{060E523E-6838-46E5-AF6C-F6936F6B6A44}.AppStore|iPhone.Deploy.0 = Release|Any CPU
		{060E523E-6838-46E5-AF6C-F6936F6B6A44}.AppStore|iPhoneSimulator.ActiveCfg = Release|Any CPU
		{060E523E-6838-46E5-AF6C-F6936F6B6A44}.AppStore|iPhoneSimulator.Build.0 = Release|Any CPU
		{060E523E-6838-46E5-AF6C-F6936F6B6A44}.AppStore|iPhoneSimulator.Deploy.0 = Release|Any CPU
		{060E523E-6838-46E5-AF6C-F6936F6B6A44}.AppStore|x64.ActiveCfg = Release|Any CPU
		{060E523E-6838-46E5-AF6C-F6936F6B6A44}.AppStore|x64.Build.0 = Release|Any CPU
		{060E523E-6838-46E5-AF6C-F6936F6B6A44}.AppStore|x64.Deploy.0 = Release|Any CPU
		{060E523E-6838-46E5-AF6C-F6936F6B6A44}.AppStore|x86.ActiveCfg = Release|Any CPU
		{060E523E-6838-46E5-AF6C-F6936F6B6A44}.AppStore|x86.Build.0 = Release|Any CPU
		{060E523E-6838-46E5-AF6C-F6936F6B6A44}.AppStore|x86.Deploy.0 = Release|Any CPU
		{060E523E-6838-46E5-AF6C-F6936F6B6A44}.Debug|Any CPU.ActiveCfg = Debug|Any CPU
		{060E523E-6838-46E5-AF6C-F6936F6B6A44}.Debug|Any CPU.Build.0 = Debug|Any CPU
		{060E523E-6838-46E5-AF6C-F6936F6B6A44}.Debug|Any CPU.Deploy.0 = Debug|Any CPU
		{060E523E-6838-46E5-AF6C-F6936F6B6A44}.Debug|ARM.ActiveCfg = Debug|Any CPU
		{060E523E-6838-46E5-AF6C-F6936F6B6A44}.Debug|ARM.Build.0 = Debug|Any CPU
		{060E523E-6838-46E5-AF6C-F6936F6B6A44}.Debug|ARM.Deploy.0 = Debug|Any CPU
		{060E523E-6838-46E5-AF6C-F6936F6B6A44}.Debug|iPhone.ActiveCfg = Debug|Any CPU
		{060E523E-6838-46E5-AF6C-F6936F6B6A44}.Debug|iPhone.Build.0 = Debug|Any CPU
		{060E523E-6838-46E5-AF6C-F6936F6B6A44}.Debug|iPhone.Deploy.0 = Debug|Any CPU
		{060E523E-6838-46E5-AF6C-F6936F6B6A44}.Debug|iPhoneSimulator.ActiveCfg = Debug|Any CPU
		{060E523E-6838-46E5-AF6C-F6936F6B6A44}.Debug|iPhoneSimulator.Build.0 = Debug|Any CPU
		{060E523E-6838-46E5-AF6C-F6936F6B6A44}.Debug|iPhoneSimulator.Deploy.0 = Debug|Any CPU
		{060E523E-6838-46E5-AF6C-F6936F6B6A44}.Debug|x64.ActiveCfg = Debug|Any CPU
		{060E523E-6838-46E5-AF6C-F6936F6B6A44}.Debug|x64.Build.0 = Debug|Any CPU
		{060E523E-6838-46E5-AF6C-F6936F6B6A44}.Debug|x64.Deploy.0 = Debug|Any CPU
		{060E523E-6838-46E5-AF6C-F6936F6B6A44}.Debug|x86.ActiveCfg = Debug|Any CPU
		{060E523E-6838-46E5-AF6C-F6936F6B6A44}.Debug|x86.Build.0 = Debug|Any CPU
		{060E523E-6838-46E5-AF6C-F6936F6B6A44}.Debug|x86.Deploy.0 = Debug|Any CPU
		{060E523E-6838-46E5-AF6C-F6936F6B6A44}.Release|Any CPU.ActiveCfg = Release|Any CPU
		{060E523E-6838-46E5-AF6C-F6936F6B6A44}.Release|Any CPU.Build.0 = Release|Any CPU
		{060E523E-6838-46E5-AF6C-F6936F6B6A44}.Release|Any CPU.Deploy.0 = Release|Any CPU
		{060E523E-6838-46E5-AF6C-F6936F6B6A44}.Release|ARM.ActiveCfg = Release|Any CPU
		{060E523E-6838-46E5-AF6C-F6936F6B6A44}.Release|ARM.Build.0 = Release|Any CPU
		{060E523E-6838-46E5-AF6C-F6936F6B6A44}.Release|ARM.Deploy.0 = Release|Any CPU
		{060E523E-6838-46E5-AF6C-F6936F6B6A44}.Release|iPhone.ActiveCfg = Release|Any CPU
		{060E523E-6838-46E5-AF6C-F6936F6B6A44}.Release|iPhone.Build.0 = Release|Any CPU
		{060E523E-6838-46E5-AF6C-F6936F6B6A44}.Release|iPhone.Deploy.0 = Release|Any CPU
		{060E523E-6838-46E5-AF6C-F6936F6B6A44}.Release|iPhoneSimulator.ActiveCfg = Release|Any CPU
		{060E523E-6838-46E5-AF6C-F6936F6B6A44}.Release|iPhoneSimulator.Build.0 = Release|Any CPU
		{060E523E-6838-46E5-AF6C-F6936F6B6A44}.Release|iPhoneSimulator.Deploy.0 = Release|Any CPU
		{060E523E-6838-46E5-AF6C-F6936F6B6A44}.Release|x64.ActiveCfg = Release|Any CPU
		{060E523E-6838-46E5-AF6C-F6936F6B6A44}.Release|x64.Build.0 = Release|Any CPU
		{060E523E-6838-46E5-AF6C-F6936F6B6A44}.Release|x64.Deploy.0 = Release|Any CPU
		{060E523E-6838-46E5-AF6C-F6936F6B6A44}.Release|x86.ActiveCfg = Release|Any CPU
		{060E523E-6838-46E5-AF6C-F6936F6B6A44}.Release|x86.Build.0 = Release|Any CPU
		{060E523E-6838-46E5-AF6C-F6936F6B6A44}.Release|x86.Deploy.0 = Release|Any CPU
		{F4B77395-552C-4088-A042-3AEB4CF36566}.Ad-Hoc|Any CPU.ActiveCfg = Release|Any CPU
		{F4B77395-552C-4088-A042-3AEB4CF36566}.Ad-Hoc|Any CPU.Build.0 = Release|Any CPU
		{F4B77395-552C-4088-A042-3AEB4CF36566}.Ad-Hoc|ARM.ActiveCfg = Release|Any CPU
		{F4B77395-552C-4088-A042-3AEB4CF36566}.Ad-Hoc|ARM.Build.0 = Release|Any CPU
		{F4B77395-552C-4088-A042-3AEB4CF36566}.Ad-Hoc|iPhone.ActiveCfg = Release|Any CPU
		{F4B77395-552C-4088-A042-3AEB4CF36566}.Ad-Hoc|iPhone.Build.0 = Release|Any CPU
		{F4B77395-552C-4088-A042-3AEB4CF36566}.Ad-Hoc|iPhoneSimulator.ActiveCfg = Release|Any CPU
		{F4B77395-552C-4088-A042-3AEB4CF36566}.Ad-Hoc|iPhoneSimulator.Build.0 = Release|Any CPU
		{F4B77395-552C-4088-A042-3AEB4CF36566}.Ad-Hoc|x64.ActiveCfg = Release|Any CPU
		{F4B77395-552C-4088-A042-3AEB4CF36566}.Ad-Hoc|x64.Build.0 = Release|Any CPU
		{F4B77395-552C-4088-A042-3AEB4CF36566}.Ad-Hoc|x86.ActiveCfg = Release|Any CPU
		{F4B77395-552C-4088-A042-3AEB4CF36566}.Ad-Hoc|x86.Build.0 = Release|Any CPU
		{F4B77395-552C-4088-A042-3AEB4CF36566}.AppStore|Any CPU.ActiveCfg = Release|Any CPU
		{F4B77395-552C-4088-A042-3AEB4CF36566}.AppStore|Any CPU.Build.0 = Release|Any CPU
		{F4B77395-552C-4088-A042-3AEB4CF36566}.AppStore|ARM.ActiveCfg = Release|Any CPU
		{F4B77395-552C-4088-A042-3AEB4CF36566}.AppStore|ARM.Build.0 = Release|Any CPU
		{F4B77395-552C-4088-A042-3AEB4CF36566}.AppStore|iPhone.ActiveCfg = Release|Any CPU
		{F4B77395-552C-4088-A042-3AEB4CF36566}.AppStore|iPhone.Build.0 = Release|Any CPU
		{F4B77395-552C-4088-A042-3AEB4CF36566}.AppStore|iPhoneSimulator.ActiveCfg = Release|Any CPU
		{F4B77395-552C-4088-A042-3AEB4CF36566}.AppStore|iPhoneSimulator.Build.0 = Release|Any CPU
		{F4B77395-552C-4088-A042-3AEB4CF36566}.AppStore|x64.ActiveCfg = Release|Any CPU
		{F4B77395-552C-4088-A042-3AEB4CF36566}.AppStore|x64.Build.0 = Release|Any CPU
		{F4B77395-552C-4088-A042-3AEB4CF36566}.AppStore|x86.ActiveCfg = Release|Any CPU
		{F4B77395-552C-4088-A042-3AEB4CF36566}.AppStore|x86.Build.0 = Release|Any CPU
		{F4B77395-552C-4088-A042-3AEB4CF36566}.Debug|Any CPU.ActiveCfg = Debug|Any CPU
		{F4B77395-552C-4088-A042-3AEB4CF36566}.Debug|Any CPU.Build.0 = Debug|Any CPU
		{F4B77395-552C-4088-A042-3AEB4CF36566}.Debug|ARM.ActiveCfg = Debug|Any CPU
		{F4B77395-552C-4088-A042-3AEB4CF36566}.Debug|ARM.Build.0 = Debug|Any CPU
		{F4B77395-552C-4088-A042-3AEB4CF36566}.Debug|iPhone.ActiveCfg = Debug|Any CPU
		{F4B77395-552C-4088-A042-3AEB4CF36566}.Debug|iPhone.Build.0 = Debug|Any CPU
		{F4B77395-552C-4088-A042-3AEB4CF36566}.Debug|iPhoneSimulator.ActiveCfg = Debug|Any CPU
		{F4B77395-552C-4088-A042-3AEB4CF36566}.Debug|iPhoneSimulator.Build.0 = Debug|Any CPU
		{F4B77395-552C-4088-A042-3AEB4CF36566}.Debug|x64.ActiveCfg = Debug|Any CPU
		{F4B77395-552C-4088-A042-3AEB4CF36566}.Debug|x64.Build.0 = Debug|Any CPU
		{F4B77395-552C-4088-A042-3AEB4CF36566}.Debug|x86.ActiveCfg = Debug|Any CPU
		{F4B77395-552C-4088-A042-3AEB4CF36566}.Debug|x86.Build.0 = Debug|Any CPU
		{F4B77395-552C-4088-A042-3AEB4CF36566}.Release|Any CPU.ActiveCfg = Release|Any CPU
		{F4B77395-552C-4088-A042-3AEB4CF36566}.Release|Any CPU.Build.0 = Release|Any CPU
		{F4B77395-552C-4088-A042-3AEB4CF36566}.Release|ARM.ActiveCfg = Release|Any CPU
		{F4B77395-552C-4088-A042-3AEB4CF36566}.Release|ARM.Build.0 = Release|Any CPU
		{F4B77395-552C-4088-A042-3AEB4CF36566}.Release|iPhone.ActiveCfg = Release|Any CPU
		{F4B77395-552C-4088-A042-3AEB4CF36566}.Release|iPhone.Build.0 = Release|Any CPU
		{F4B77395-552C-4088-A042-3AEB4CF36566}.Release|iPhoneSimulator.ActiveCfg = Release|Any CPU
		{F4B77395-552C-4088-A042-3AEB4CF36566}.Release|iPhoneSimulator.Build.0 = Release|Any CPU
		{F4B77395-552C-4088-A042-3AEB4CF36566}.Release|x64.ActiveCfg = Release|Any CPU
		{F4B77395-552C-4088-A042-3AEB4CF36566}.Release|x64.Build.0 = Release|Any CPU
		{F4B77395-552C-4088-A042-3AEB4CF36566}.Release|x86.ActiveCfg = Release|Any CPU
		{F4B77395-552C-4088-A042-3AEB4CF36566}.Release|x86.Build.0 = Release|Any CPU
		{8C9E96C2-A26A-4CAF-99B5-61A9CA987FD6}.Ad-Hoc|Any CPU.ActiveCfg = Release|x86
		{8C9E96C2-A26A-4CAF-99B5-61A9CA987FD6}.Ad-Hoc|Any CPU.Build.0 = Release|x86
		{8C9E96C2-A26A-4CAF-99B5-61A9CA987FD6}.Ad-Hoc|Any CPU.Deploy.0 = Release|x86
		{8C9E96C2-A26A-4CAF-99B5-61A9CA987FD6}.Ad-Hoc|ARM.ActiveCfg = Release|ARM
		{8C9E96C2-A26A-4CAF-99B5-61A9CA987FD6}.Ad-Hoc|ARM.Build.0 = Release|ARM
		{8C9E96C2-A26A-4CAF-99B5-61A9CA987FD6}.Ad-Hoc|ARM.Deploy.0 = Release|ARM
		{8C9E96C2-A26A-4CAF-99B5-61A9CA987FD6}.Ad-Hoc|iPhone.ActiveCfg = Release|x86
		{8C9E96C2-A26A-4CAF-99B5-61A9CA987FD6}.Ad-Hoc|iPhone.Build.0 = Release|x86
		{8C9E96C2-A26A-4CAF-99B5-61A9CA987FD6}.Ad-Hoc|iPhone.Deploy.0 = Release|x86
		{8C9E96C2-A26A-4CAF-99B5-61A9CA987FD6}.Ad-Hoc|iPhoneSimulator.ActiveCfg = Release|x86
		{8C9E96C2-A26A-4CAF-99B5-61A9CA987FD6}.Ad-Hoc|iPhoneSimulator.Build.0 = Release|x86
		{8C9E96C2-A26A-4CAF-99B5-61A9CA987FD6}.Ad-Hoc|iPhoneSimulator.Deploy.0 = Release|x86
		{8C9E96C2-A26A-4CAF-99B5-61A9CA987FD6}.Ad-Hoc|x64.ActiveCfg = Release|x64
		{8C9E96C2-A26A-4CAF-99B5-61A9CA987FD6}.Ad-Hoc|x64.Build.0 = Release|x64
		{8C9E96C2-A26A-4CAF-99B5-61A9CA987FD6}.Ad-Hoc|x64.Deploy.0 = Release|x64
		{8C9E96C2-A26A-4CAF-99B5-61A9CA987FD6}.Ad-Hoc|x86.ActiveCfg = Release|x86
		{8C9E96C2-A26A-4CAF-99B5-61A9CA987FD6}.Ad-Hoc|x86.Build.0 = Release|x86
		{8C9E96C2-A26A-4CAF-99B5-61A9CA987FD6}.Ad-Hoc|x86.Deploy.0 = Release|x86
		{8C9E96C2-A26A-4CAF-99B5-61A9CA987FD6}.AppStore|Any CPU.ActiveCfg = Release|x86
		{8C9E96C2-A26A-4CAF-99B5-61A9CA987FD6}.AppStore|Any CPU.Build.0 = Release|x86
		{8C9E96C2-A26A-4CAF-99B5-61A9CA987FD6}.AppStore|Any CPU.Deploy.0 = Release|x86
		{8C9E96C2-A26A-4CAF-99B5-61A9CA987FD6}.AppStore|ARM.ActiveCfg = Release|ARM
		{8C9E96C2-A26A-4CAF-99B5-61A9CA987FD6}.AppStore|ARM.Build.0 = Release|ARM
		{8C9E96C2-A26A-4CAF-99B5-61A9CA987FD6}.AppStore|ARM.Deploy.0 = Release|ARM
		{8C9E96C2-A26A-4CAF-99B5-61A9CA987FD6}.AppStore|iPhone.ActiveCfg = Release|x86
		{8C9E96C2-A26A-4CAF-99B5-61A9CA987FD6}.AppStore|iPhone.Build.0 = Release|x86
		{8C9E96C2-A26A-4CAF-99B5-61A9CA987FD6}.AppStore|iPhone.Deploy.0 = Release|x86
		{8C9E96C2-A26A-4CAF-99B5-61A9CA987FD6}.AppStore|iPhoneSimulator.ActiveCfg = Release|x86
		{8C9E96C2-A26A-4CAF-99B5-61A9CA987FD6}.AppStore|iPhoneSimulator.Build.0 = Release|x86
		{8C9E96C2-A26A-4CAF-99B5-61A9CA987FD6}.AppStore|iPhoneSimulator.Deploy.0 = Release|x86
		{8C9E96C2-A26A-4CAF-99B5-61A9CA987FD6}.AppStore|x64.ActiveCfg = Release|x64
		{8C9E96C2-A26A-4CAF-99B5-61A9CA987FD6}.AppStore|x64.Build.0 = Release|x64
		{8C9E96C2-A26A-4CAF-99B5-61A9CA987FD6}.AppStore|x64.Deploy.0 = Release|x64
		{8C9E96C2-A26A-4CAF-99B5-61A9CA987FD6}.AppStore|x86.ActiveCfg = Release|x86
		{8C9E96C2-A26A-4CAF-99B5-61A9CA987FD6}.AppStore|x86.Build.0 = Release|x86
		{8C9E96C2-A26A-4CAF-99B5-61A9CA987FD6}.AppStore|x86.Deploy.0 = Release|x86
		{8C9E96C2-A26A-4CAF-99B5-61A9CA987FD6}.Debug|Any CPU.ActiveCfg = Debug|x86
		{8C9E96C2-A26A-4CAF-99B5-61A9CA987FD6}.Debug|Any CPU.Build.0 = Debug|x86
		{8C9E96C2-A26A-4CAF-99B5-61A9CA987FD6}.Debug|Any CPU.Deploy.0 = Debug|x86
		{8C9E96C2-A26A-4CAF-99B5-61A9CA987FD6}.Debug|ARM.ActiveCfg = Debug|ARM
		{8C9E96C2-A26A-4CAF-99B5-61A9CA987FD6}.Debug|ARM.Build.0 = Debug|ARM
		{8C9E96C2-A26A-4CAF-99B5-61A9CA987FD6}.Debug|ARM.Deploy.0 = Debug|ARM
		{8C9E96C2-A26A-4CAF-99B5-61A9CA987FD6}.Debug|iPhone.ActiveCfg = Debug|x86
		{8C9E96C2-A26A-4CAF-99B5-61A9CA987FD6}.Debug|iPhoneSimulator.ActiveCfg = Debug|x86
		{8C9E96C2-A26A-4CAF-99B5-61A9CA987FD6}.Debug|x64.ActiveCfg = Debug|x64
		{8C9E96C2-A26A-4CAF-99B5-61A9CA987FD6}.Debug|x64.Build.0 = Debug|x64
		{8C9E96C2-A26A-4CAF-99B5-61A9CA987FD6}.Debug|x64.Deploy.0 = Debug|x64
		{8C9E96C2-A26A-4CAF-99B5-61A9CA987FD6}.Debug|x86.ActiveCfg = Debug|x86
		{8C9E96C2-A26A-4CAF-99B5-61A9CA987FD6}.Debug|x86.Build.0 = Debug|x86
		{8C9E96C2-A26A-4CAF-99B5-61A9CA987FD6}.Debug|x86.Deploy.0 = Debug|x86
		{8C9E96C2-A26A-4CAF-99B5-61A9CA987FD6}.Release|Any CPU.ActiveCfg = Release|x86
		{8C9E96C2-A26A-4CAF-99B5-61A9CA987FD6}.Release|Any CPU.Build.0 = Release|x86
		{8C9E96C2-A26A-4CAF-99B5-61A9CA987FD6}.Release|Any CPU.Deploy.0 = Release|x86
		{8C9E96C2-A26A-4CAF-99B5-61A9CA987FD6}.Release|ARM.ActiveCfg = Release|ARM
		{8C9E96C2-A26A-4CAF-99B5-61A9CA987FD6}.Release|ARM.Build.0 = Release|ARM
		{8C9E96C2-A26A-4CAF-99B5-61A9CA987FD6}.Release|ARM.Deploy.0 = Release|ARM
		{8C9E96C2-A26A-4CAF-99B5-61A9CA987FD6}.Release|iPhone.ActiveCfg = Release|x86
		{8C9E96C2-A26A-4CAF-99B5-61A9CA987FD6}.Release|iPhoneSimulator.ActiveCfg = Release|x86
		{8C9E96C2-A26A-4CAF-99B5-61A9CA987FD6}.Release|x64.ActiveCfg = Release|x64
		{8C9E96C2-A26A-4CAF-99B5-61A9CA987FD6}.Release|x64.Build.0 = Release|x64
		{8C9E96C2-A26A-4CAF-99B5-61A9CA987FD6}.Release|x64.Deploy.0 = Release|x64
		{8C9E96C2-A26A-4CAF-99B5-61A9CA987FD6}.Release|x86.ActiveCfg = Release|x86
		{8C9E96C2-A26A-4CAF-99B5-61A9CA987FD6}.Release|x86.Build.0 = Release|x86
		{8C9E96C2-A26A-4CAF-99B5-61A9CA987FD6}.Release|x86.Deploy.0 = Release|x86
		{4E3FD59A-59E8-47BB-B396-1E71F688E990}.Ad-Hoc|Any CPU.ActiveCfg = Ad-Hoc|iPhone
		{4E3FD59A-59E8-47BB-B396-1E71F688E990}.Ad-Hoc|ARM.ActiveCfg = Ad-Hoc|iPhone
		{4E3FD59A-59E8-47BB-B396-1E71F688E990}.Ad-Hoc|iPhone.ActiveCfg = Ad-Hoc|iPhone
		{4E3FD59A-59E8-47BB-B396-1E71F688E990}.Ad-Hoc|iPhone.Build.0 = Ad-Hoc|iPhone
		{4E3FD59A-59E8-47BB-B396-1E71F688E990}.Ad-Hoc|iPhoneSimulator.ActiveCfg = Ad-Hoc|iPhoneSimulator
		{4E3FD59A-59E8-47BB-B396-1E71F688E990}.Ad-Hoc|iPhoneSimulator.Build.0 = Ad-Hoc|iPhoneSimulator
		{4E3FD59A-59E8-47BB-B396-1E71F688E990}.Ad-Hoc|x64.ActiveCfg = Ad-Hoc|iPhone
		{4E3FD59A-59E8-47BB-B396-1E71F688E990}.Ad-Hoc|x86.ActiveCfg = Ad-Hoc|iPhone
		{4E3FD59A-59E8-47BB-B396-1E71F688E990}.AppStore|Any CPU.ActiveCfg = AppStore|iPhone
		{4E3FD59A-59E8-47BB-B396-1E71F688E990}.AppStore|ARM.ActiveCfg = AppStore|iPhone
		{4E3FD59A-59E8-47BB-B396-1E71F688E990}.AppStore|iPhone.ActiveCfg = AppStore|iPhone
		{4E3FD59A-59E8-47BB-B396-1E71F688E990}.AppStore|iPhone.Build.0 = AppStore|iPhone
		{4E3FD59A-59E8-47BB-B396-1E71F688E990}.AppStore|iPhoneSimulator.ActiveCfg = AppStore|iPhoneSimulator
		{4E3FD59A-59E8-47BB-B396-1E71F688E990}.AppStore|iPhoneSimulator.Build.0 = AppStore|iPhoneSimulator
		{4E3FD59A-59E8-47BB-B396-1E71F688E990}.AppStore|x64.ActiveCfg = AppStore|iPhone
		{4E3FD59A-59E8-47BB-B396-1E71F688E990}.AppStore|x86.ActiveCfg = AppStore|iPhone
		{4E3FD59A-59E8-47BB-B396-1E71F688E990}.Debug|Any CPU.ActiveCfg = Debug|iPhone
		{4E3FD59A-59E8-47BB-B396-1E71F688E990}.Debug|ARM.ActiveCfg = Debug|iPhone
		{4E3FD59A-59E8-47BB-B396-1E71F688E990}.Debug|iPhone.ActiveCfg = Debug|iPhone
		{4E3FD59A-59E8-47BB-B396-1E71F688E990}.Debug|iPhone.Build.0 = Debug|iPhone
		{4E3FD59A-59E8-47BB-B396-1E71F688E990}.Debug|iPhoneSimulator.ActiveCfg = Debug|iPhoneSimulator
		{4E3FD59A-59E8-47BB-B396-1E71F688E990}.Debug|iPhoneSimulator.Build.0 = Debug|iPhoneSimulator
		{4E3FD59A-59E8-47BB-B396-1E71F688E990}.Debug|x64.ActiveCfg = Debug|iPhone
		{4E3FD59A-59E8-47BB-B396-1E71F688E990}.Debug|x86.ActiveCfg = Debug|iPhone
		{4E3FD59A-59E8-47BB-B396-1E71F688E990}.Release|Any CPU.ActiveCfg = Release|iPhone
		{4E3FD59A-59E8-47BB-B396-1E71F688E990}.Release|ARM.ActiveCfg = Release|iPhone
		{4E3FD59A-59E8-47BB-B396-1E71F688E990}.Release|iPhone.ActiveCfg = Release|iPhone
		{4E3FD59A-59E8-47BB-B396-1E71F688E990}.Release|iPhone.Build.0 = Release|iPhone
		{4E3FD59A-59E8-47BB-B396-1E71F688E990}.Release|iPhoneSimulator.ActiveCfg = Release|iPhoneSimulator
		{4E3FD59A-59E8-47BB-B396-1E71F688E990}.Release|iPhoneSimulator.Build.0 = Release|iPhoneSimulator
		{4E3FD59A-59E8-47BB-B396-1E71F688E990}.Release|x64.ActiveCfg = Release|iPhone
		{4E3FD59A-59E8-47BB-B396-1E71F688E990}.Release|x86.ActiveCfg = Release|iPhone
		{970EAD8C-A8AD-411E-B878-6E98EA7DE090}.Ad-Hoc|Any CPU.ActiveCfg = Release|Any CPU
		{970EAD8C-A8AD-411E-B878-6E98EA7DE090}.Ad-Hoc|Any CPU.Build.0 = Release|Any CPU
		{970EAD8C-A8AD-411E-B878-6E98EA7DE090}.Ad-Hoc|ARM.ActiveCfg = Release|Any CPU
		{970EAD8C-A8AD-411E-B878-6E98EA7DE090}.Ad-Hoc|ARM.Build.0 = Release|Any CPU
		{970EAD8C-A8AD-411E-B878-6E98EA7DE090}.Ad-Hoc|iPhone.ActiveCfg = Release|Any CPU
		{970EAD8C-A8AD-411E-B878-6E98EA7DE090}.Ad-Hoc|iPhone.Build.0 = Release|Any CPU
		{970EAD8C-A8AD-411E-B878-6E98EA7DE090}.Ad-Hoc|iPhoneSimulator.ActiveCfg = Release|Any CPU
		{970EAD8C-A8AD-411E-B878-6E98EA7DE090}.Ad-Hoc|iPhoneSimulator.Build.0 = Release|Any CPU
		{970EAD8C-A8AD-411E-B878-6E98EA7DE090}.Ad-Hoc|x64.ActiveCfg = Release|Any CPU
		{970EAD8C-A8AD-411E-B878-6E98EA7DE090}.Ad-Hoc|x64.Build.0 = Release|Any CPU
		{970EAD8C-A8AD-411E-B878-6E98EA7DE090}.Ad-Hoc|x86.ActiveCfg = Release|Any CPU
		{970EAD8C-A8AD-411E-B878-6E98EA7DE090}.Ad-Hoc|x86.Build.0 = Release|Any CPU
		{970EAD8C-A8AD-411E-B878-6E98EA7DE090}.AppStore|Any CPU.ActiveCfg = Release|Any CPU
		{970EAD8C-A8AD-411E-B878-6E98EA7DE090}.AppStore|Any CPU.Build.0 = Release|Any CPU
		{970EAD8C-A8AD-411E-B878-6E98EA7DE090}.AppStore|ARM.ActiveCfg = Release|Any CPU
		{970EAD8C-A8AD-411E-B878-6E98EA7DE090}.AppStore|ARM.Build.0 = Release|Any CPU
		{970EAD8C-A8AD-411E-B878-6E98EA7DE090}.AppStore|iPhone.ActiveCfg = Release|Any CPU
		{970EAD8C-A8AD-411E-B878-6E98EA7DE090}.AppStore|iPhone.Build.0 = Release|Any CPU
		{970EAD8C-A8AD-411E-B878-6E98EA7DE090}.AppStore|iPhoneSimulator.ActiveCfg = Release|Any CPU
		{970EAD8C-A8AD-411E-B878-6E98EA7DE090}.AppStore|iPhoneSimulator.Build.0 = Release|Any CPU
		{970EAD8C-A8AD-411E-B878-6E98EA7DE090}.AppStore|x64.ActiveCfg = Release|Any CPU
		{970EAD8C-A8AD-411E-B878-6E98EA7DE090}.AppStore|x64.Build.0 = Release|Any CPU
		{970EAD8C-A8AD-411E-B878-6E98EA7DE090}.AppStore|x86.ActiveCfg = Release|Any CPU
		{970EAD8C-A8AD-411E-B878-6E98EA7DE090}.AppStore|x86.Build.0 = Release|Any CPU
		{970EAD8C-A8AD-411E-B878-6E98EA7DE090}.Debug|Any CPU.ActiveCfg = Debug|Any CPU
		{970EAD8C-A8AD-411E-B878-6E98EA7DE090}.Debug|Any CPU.Build.0 = Debug|Any CPU
		{970EAD8C-A8AD-411E-B878-6E98EA7DE090}.Debug|ARM.ActiveCfg = Debug|Any CPU
		{970EAD8C-A8AD-411E-B878-6E98EA7DE090}.Debug|ARM.Build.0 = Debug|Any CPU
		{970EAD8C-A8AD-411E-B878-6E98EA7DE090}.Debug|iPhone.ActiveCfg = Debug|Any CPU
		{970EAD8C-A8AD-411E-B878-6E98EA7DE090}.Debug|iPhone.Build.0 = Debug|Any CPU
		{970EAD8C-A8AD-411E-B878-6E98EA7DE090}.Debug|iPhoneSimulator.ActiveCfg = Debug|Any CPU
		{970EAD8C-A8AD-411E-B878-6E98EA7DE090}.Debug|iPhoneSimulator.Build.0 = Debug|Any CPU
		{970EAD8C-A8AD-411E-B878-6E98EA7DE090}.Debug|x64.ActiveCfg = Debug|Any CPU
		{970EAD8C-A8AD-411E-B878-6E98EA7DE090}.Debug|x64.Build.0 = Debug|Any CPU
		{970EAD8C-A8AD-411E-B878-6E98EA7DE090}.Debug|x86.ActiveCfg = Debug|Any CPU
		{970EAD8C-A8AD-411E-B878-6E98EA7DE090}.Debug|x86.Build.0 = Debug|Any CPU
		{970EAD8C-A8AD-411E-B878-6E98EA7DE090}.Release|Any CPU.ActiveCfg = Release|Any CPU
		{970EAD8C-A8AD-411E-B878-6E98EA7DE090}.Release|Any CPU.Build.0 = Release|Any CPU
		{970EAD8C-A8AD-411E-B878-6E98EA7DE090}.Release|ARM.ActiveCfg = Release|Any CPU
		{970EAD8C-A8AD-411E-B878-6E98EA7DE090}.Release|ARM.Build.0 = Release|Any CPU
		{970EAD8C-A8AD-411E-B878-6E98EA7DE090}.Release|iPhone.ActiveCfg = Release|Any CPU
		{970EAD8C-A8AD-411E-B878-6E98EA7DE090}.Release|iPhone.Build.0 = Release|Any CPU
		{970EAD8C-A8AD-411E-B878-6E98EA7DE090}.Release|iPhoneSimulator.ActiveCfg = Release|Any CPU
		{970EAD8C-A8AD-411E-B878-6E98EA7DE090}.Release|iPhoneSimulator.Build.0 = Release|Any CPU
		{970EAD8C-A8AD-411E-B878-6E98EA7DE090}.Release|x64.ActiveCfg = Release|Any CPU
		{970EAD8C-A8AD-411E-B878-6E98EA7DE090}.Release|x64.Build.0 = Release|Any CPU
		{970EAD8C-A8AD-411E-B878-6E98EA7DE090}.Release|x86.ActiveCfg = Release|Any CPU
		{970EAD8C-A8AD-411E-B878-6E98EA7DE090}.Release|x86.Build.0 = Release|Any CPU
		{F4618298-534D-49F4-9117-7C80A8C22BFB}.Ad-Hoc|Any CPU.ActiveCfg = Release|Any CPU
		{F4618298-534D-49F4-9117-7C80A8C22BFB}.Ad-Hoc|Any CPU.Build.0 = Release|Any CPU
		{F4618298-534D-49F4-9117-7C80A8C22BFB}.Ad-Hoc|ARM.ActiveCfg = Release|Any CPU
		{F4618298-534D-49F4-9117-7C80A8C22BFB}.Ad-Hoc|ARM.Build.0 = Release|Any CPU
		{F4618298-534D-49F4-9117-7C80A8C22BFB}.Ad-Hoc|iPhone.ActiveCfg = Release|Any CPU
		{F4618298-534D-49F4-9117-7C80A8C22BFB}.Ad-Hoc|iPhone.Build.0 = Release|Any CPU
		{F4618298-534D-49F4-9117-7C80A8C22BFB}.Ad-Hoc|iPhoneSimulator.ActiveCfg = Release|Any CPU
		{F4618298-534D-49F4-9117-7C80A8C22BFB}.Ad-Hoc|iPhoneSimulator.Build.0 = Release|Any CPU
		{F4618298-534D-49F4-9117-7C80A8C22BFB}.Ad-Hoc|x64.ActiveCfg = Release|Any CPU
		{F4618298-534D-49F4-9117-7C80A8C22BFB}.Ad-Hoc|x64.Build.0 = Release|Any CPU
		{F4618298-534D-49F4-9117-7C80A8C22BFB}.Ad-Hoc|x86.ActiveCfg = Release|Any CPU
		{F4618298-534D-49F4-9117-7C80A8C22BFB}.Ad-Hoc|x86.Build.0 = Release|Any CPU
		{F4618298-534D-49F4-9117-7C80A8C22BFB}.AppStore|Any CPU.ActiveCfg = Release|Any CPU
		{F4618298-534D-49F4-9117-7C80A8C22BFB}.AppStore|Any CPU.Build.0 = Release|Any CPU
		{F4618298-534D-49F4-9117-7C80A8C22BFB}.AppStore|ARM.ActiveCfg = Release|Any CPU
		{F4618298-534D-49F4-9117-7C80A8C22BFB}.AppStore|ARM.Build.0 = Release|Any CPU
		{F4618298-534D-49F4-9117-7C80A8C22BFB}.AppStore|iPhone.ActiveCfg = Release|Any CPU
		{F4618298-534D-49F4-9117-7C80A8C22BFB}.AppStore|iPhone.Build.0 = Release|Any CPU
		{F4618298-534D-49F4-9117-7C80A8C22BFB}.AppStore|iPhoneSimulator.ActiveCfg = Release|Any CPU
		{F4618298-534D-49F4-9117-7C80A8C22BFB}.AppStore|iPhoneSimulator.Build.0 = Release|Any CPU
		{F4618298-534D-49F4-9117-7C80A8C22BFB}.AppStore|x64.ActiveCfg = Release|Any CPU
		{F4618298-534D-49F4-9117-7C80A8C22BFB}.AppStore|x64.Build.0 = Release|Any CPU
		{F4618298-534D-49F4-9117-7C80A8C22BFB}.AppStore|x86.ActiveCfg = Release|Any CPU
		{F4618298-534D-49F4-9117-7C80A8C22BFB}.AppStore|x86.Build.0 = Release|Any CPU
		{F4618298-534D-49F4-9117-7C80A8C22BFB}.Debug|Any CPU.ActiveCfg = Debug|Any CPU
		{F4618298-534D-49F4-9117-7C80A8C22BFB}.Debug|Any CPU.Build.0 = Debug|Any CPU
		{F4618298-534D-49F4-9117-7C80A8C22BFB}.Debug|ARM.ActiveCfg = Debug|Any CPU
		{F4618298-534D-49F4-9117-7C80A8C22BFB}.Debug|ARM.Build.0 = Debug|Any CPU
		{F4618298-534D-49F4-9117-7C80A8C22BFB}.Debug|iPhone.ActiveCfg = Debug|Any CPU
		{F4618298-534D-49F4-9117-7C80A8C22BFB}.Debug|iPhone.Build.0 = Debug|Any CPU
		{F4618298-534D-49F4-9117-7C80A8C22BFB}.Debug|iPhoneSimulator.ActiveCfg = Debug|Any CPU
		{F4618298-534D-49F4-9117-7C80A8C22BFB}.Debug|iPhoneSimulator.Build.0 = Debug|Any CPU
		{F4618298-534D-49F4-9117-7C80A8C22BFB}.Debug|x64.ActiveCfg = Debug|Any CPU
		{F4618298-534D-49F4-9117-7C80A8C22BFB}.Debug|x64.Build.0 = Debug|Any CPU
		{F4618298-534D-49F4-9117-7C80A8C22BFB}.Debug|x86.ActiveCfg = Debug|Any CPU
		{F4618298-534D-49F4-9117-7C80A8C22BFB}.Debug|x86.Build.0 = Debug|Any CPU
		{F4618298-534D-49F4-9117-7C80A8C22BFB}.Release|Any CPU.ActiveCfg = Release|Any CPU
		{F4618298-534D-49F4-9117-7C80A8C22BFB}.Release|Any CPU.Build.0 = Release|Any CPU
		{F4618298-534D-49F4-9117-7C80A8C22BFB}.Release|ARM.ActiveCfg = Release|Any CPU
		{F4618298-534D-49F4-9117-7C80A8C22BFB}.Release|ARM.Build.0 = Release|Any CPU
		{F4618298-534D-49F4-9117-7C80A8C22BFB}.Release|iPhone.ActiveCfg = Release|Any CPU
		{F4618298-534D-49F4-9117-7C80A8C22BFB}.Release|iPhone.Build.0 = Release|Any CPU
		{F4618298-534D-49F4-9117-7C80A8C22BFB}.Release|iPhoneSimulator.ActiveCfg = Release|Any CPU
		{F4618298-534D-49F4-9117-7C80A8C22BFB}.Release|iPhoneSimulator.Build.0 = Release|Any CPU
		{F4618298-534D-49F4-9117-7C80A8C22BFB}.Release|x64.ActiveCfg = Release|Any CPU
		{F4618298-534D-49F4-9117-7C80A8C22BFB}.Release|x64.Build.0 = Release|Any CPU
		{F4618298-534D-49F4-9117-7C80A8C22BFB}.Release|x86.ActiveCfg = Release|Any CPU
		{F4618298-534D-49F4-9117-7C80A8C22BFB}.Release|x86.Build.0 = Release|Any CPU
		{E5B70DF5-D601-43C3-83E2-3B6A64799F4C}.Ad-Hoc|Any CPU.ActiveCfg = Release|Any CPU
		{E5B70DF5-D601-43C3-83E2-3B6A64799F4C}.Ad-Hoc|Any CPU.Build.0 = Release|Any CPU
		{E5B70DF5-D601-43C3-83E2-3B6A64799F4C}.Ad-Hoc|Any CPU.Deploy.0 = Release|Any CPU
		{E5B70DF5-D601-43C3-83E2-3B6A64799F4C}.Ad-Hoc|ARM.ActiveCfg = Release|Any CPU
		{E5B70DF5-D601-43C3-83E2-3B6A64799F4C}.Ad-Hoc|ARM.Build.0 = Release|Any CPU
		{E5B70DF5-D601-43C3-83E2-3B6A64799F4C}.Ad-Hoc|ARM.Deploy.0 = Release|Any CPU
		{E5B70DF5-D601-43C3-83E2-3B6A64799F4C}.Ad-Hoc|iPhone.ActiveCfg = Release|Any CPU
		{E5B70DF5-D601-43C3-83E2-3B6A64799F4C}.Ad-Hoc|iPhone.Build.0 = Release|Any CPU
		{E5B70DF5-D601-43C3-83E2-3B6A64799F4C}.Ad-Hoc|iPhone.Deploy.0 = Release|Any CPU
		{E5B70DF5-D601-43C3-83E2-3B6A64799F4C}.Ad-Hoc|iPhoneSimulator.ActiveCfg = Release|Any CPU
		{E5B70DF5-D601-43C3-83E2-3B6A64799F4C}.Ad-Hoc|iPhoneSimulator.Build.0 = Release|Any CPU
		{E5B70DF5-D601-43C3-83E2-3B6A64799F4C}.Ad-Hoc|iPhoneSimulator.Deploy.0 = Release|Any CPU
		{E5B70DF5-D601-43C3-83E2-3B6A64799F4C}.Ad-Hoc|x64.ActiveCfg = Release|Any CPU
		{E5B70DF5-D601-43C3-83E2-3B6A64799F4C}.Ad-Hoc|x64.Build.0 = Release|Any CPU
		{E5B70DF5-D601-43C3-83E2-3B6A64799F4C}.Ad-Hoc|x64.Deploy.0 = Release|Any CPU
		{E5B70DF5-D601-43C3-83E2-3B6A64799F4C}.Ad-Hoc|x86.ActiveCfg = Release|Any CPU
		{E5B70DF5-D601-43C3-83E2-3B6A64799F4C}.Ad-Hoc|x86.Build.0 = Release|Any CPU
		{E5B70DF5-D601-43C3-83E2-3B6A64799F4C}.Ad-Hoc|x86.Deploy.0 = Release|Any CPU
		{E5B70DF5-D601-43C3-83E2-3B6A64799F4C}.AppStore|Any CPU.ActiveCfg = Release|Any CPU
		{E5B70DF5-D601-43C3-83E2-3B6A64799F4C}.AppStore|Any CPU.Build.0 = Release|Any CPU
		{E5B70DF5-D601-43C3-83E2-3B6A64799F4C}.AppStore|Any CPU.Deploy.0 = Release|Any CPU
		{E5B70DF5-D601-43C3-83E2-3B6A64799F4C}.AppStore|ARM.ActiveCfg = Release|Any CPU
		{E5B70DF5-D601-43C3-83E2-3B6A64799F4C}.AppStore|ARM.Build.0 = Release|Any CPU
		{E5B70DF5-D601-43C3-83E2-3B6A64799F4C}.AppStore|ARM.Deploy.0 = Release|Any CPU
		{E5B70DF5-D601-43C3-83E2-3B6A64799F4C}.AppStore|iPhone.ActiveCfg = Release|Any CPU
		{E5B70DF5-D601-43C3-83E2-3B6A64799F4C}.AppStore|iPhone.Build.0 = Release|Any CPU
		{E5B70DF5-D601-43C3-83E2-3B6A64799F4C}.AppStore|iPhone.Deploy.0 = Release|Any CPU
		{E5B70DF5-D601-43C3-83E2-3B6A64799F4C}.AppStore|iPhoneSimulator.ActiveCfg = Release|Any CPU
		{E5B70DF5-D601-43C3-83E2-3B6A64799F4C}.AppStore|iPhoneSimulator.Build.0 = Release|Any CPU
		{E5B70DF5-D601-43C3-83E2-3B6A64799F4C}.AppStore|iPhoneSimulator.Deploy.0 = Release|Any CPU
		{E5B70DF5-D601-43C3-83E2-3B6A64799F4C}.AppStore|x64.ActiveCfg = Release|Any CPU
		{E5B70DF5-D601-43C3-83E2-3B6A64799F4C}.AppStore|x64.Build.0 = Release|Any CPU
		{E5B70DF5-D601-43C3-83E2-3B6A64799F4C}.AppStore|x64.Deploy.0 = Release|Any CPU
		{E5B70DF5-D601-43C3-83E2-3B6A64799F4C}.AppStore|x86.ActiveCfg = Release|Any CPU
		{E5B70DF5-D601-43C3-83E2-3B6A64799F4C}.AppStore|x86.Build.0 = Release|Any CPU
		{E5B70DF5-D601-43C3-83E2-3B6A64799F4C}.AppStore|x86.Deploy.0 = Release|Any CPU
		{E5B70DF5-D601-43C3-83E2-3B6A64799F4C}.Debug|Any CPU.ActiveCfg = Debug|Any CPU
		{E5B70DF5-D601-43C3-83E2-3B6A64799F4C}.Debug|Any CPU.Build.0 = Debug|Any CPU
		{E5B70DF5-D601-43C3-83E2-3B6A64799F4C}.Debug|Any CPU.Deploy.0 = Debug|Any CPU
		{E5B70DF5-D601-43C3-83E2-3B6A64799F4C}.Debug|ARM.ActiveCfg = Debug|Any CPU
		{E5B70DF5-D601-43C3-83E2-3B6A64799F4C}.Debug|ARM.Build.0 = Debug|Any CPU
		{E5B70DF5-D601-43C3-83E2-3B6A64799F4C}.Debug|ARM.Deploy.0 = Debug|Any CPU
		{E5B70DF5-D601-43C3-83E2-3B6A64799F4C}.Debug|iPhone.ActiveCfg = Debug|Any CPU
		{E5B70DF5-D601-43C3-83E2-3B6A64799F4C}.Debug|iPhone.Build.0 = Debug|Any CPU
		{E5B70DF5-D601-43C3-83E2-3B6A64799F4C}.Debug|iPhone.Deploy.0 = Debug|Any CPU
		{E5B70DF5-D601-43C3-83E2-3B6A64799F4C}.Debug|iPhoneSimulator.ActiveCfg = Debug|Any CPU
		{E5B70DF5-D601-43C3-83E2-3B6A64799F4C}.Debug|iPhoneSimulator.Build.0 = Debug|Any CPU
		{E5B70DF5-D601-43C3-83E2-3B6A64799F4C}.Debug|iPhoneSimulator.Deploy.0 = Debug|Any CPU
		{E5B70DF5-D601-43C3-83E2-3B6A64799F4C}.Debug|x64.ActiveCfg = Debug|Any CPU
		{E5B70DF5-D601-43C3-83E2-3B6A64799F4C}.Debug|x64.Build.0 = Debug|Any CPU
		{E5B70DF5-D601-43C3-83E2-3B6A64799F4C}.Debug|x64.Deploy.0 = Debug|Any CPU
		{E5B70DF5-D601-43C3-83E2-3B6A64799F4C}.Debug|x86.ActiveCfg = Debug|Any CPU
		{E5B70DF5-D601-43C3-83E2-3B6A64799F4C}.Debug|x86.Build.0 = Debug|Any CPU
		{E5B70DF5-D601-43C3-83E2-3B6A64799F4C}.Debug|x86.Deploy.0 = Debug|Any CPU
		{E5B70DF5-D601-43C3-83E2-3B6A64799F4C}.Release|Any CPU.ActiveCfg = Release|Any CPU
		{E5B70DF5-D601-43C3-83E2-3B6A64799F4C}.Release|Any CPU.Build.0 = Release|Any CPU
		{E5B70DF5-D601-43C3-83E2-3B6A64799F4C}.Release|Any CPU.Deploy.0 = Release|Any CPU
		{E5B70DF5-D601-43C3-83E2-3B6A64799F4C}.Release|ARM.ActiveCfg = Release|Any CPU
		{E5B70DF5-D601-43C3-83E2-3B6A64799F4C}.Release|ARM.Build.0 = Release|Any CPU
		{E5B70DF5-D601-43C3-83E2-3B6A64799F4C}.Release|ARM.Deploy.0 = Release|Any CPU
		{E5B70DF5-D601-43C3-83E2-3B6A64799F4C}.Release|iPhone.ActiveCfg = Release|Any CPU
		{E5B70DF5-D601-43C3-83E2-3B6A64799F4C}.Release|iPhone.Build.0 = Release|Any CPU
		{E5B70DF5-D601-43C3-83E2-3B6A64799F4C}.Release|iPhone.Deploy.0 = Release|Any CPU
		{E5B70DF5-D601-43C3-83E2-3B6A64799F4C}.Release|iPhoneSimulator.ActiveCfg = Release|Any CPU
		{E5B70DF5-D601-43C3-83E2-3B6A64799F4C}.Release|iPhoneSimulator.Build.0 = Release|Any CPU
		{E5B70DF5-D601-43C3-83E2-3B6A64799F4C}.Release|iPhoneSimulator.Deploy.0 = Release|Any CPU
		{E5B70DF5-D601-43C3-83E2-3B6A64799F4C}.Release|x64.ActiveCfg = Release|Any CPU
		{E5B70DF5-D601-43C3-83E2-3B6A64799F4C}.Release|x64.Build.0 = Release|Any CPU
		{E5B70DF5-D601-43C3-83E2-3B6A64799F4C}.Release|x64.Deploy.0 = Release|Any CPU
		{E5B70DF5-D601-43C3-83E2-3B6A64799F4C}.Release|x86.ActiveCfg = Release|Any CPU
		{E5B70DF5-D601-43C3-83E2-3B6A64799F4C}.Release|x86.Build.0 = Release|Any CPU
		{E5B70DF5-D601-43C3-83E2-3B6A64799F4C}.Release|x86.Deploy.0 = Release|Any CPU
		{A687E8F9-2F3E-4505-99F1-8870CBC41E31}.Ad-Hoc|Any CPU.ActiveCfg = Ad-Hoc|iPhone
		{A687E8F9-2F3E-4505-99F1-8870CBC41E31}.Ad-Hoc|ARM.ActiveCfg = Ad-Hoc|iPhone
		{A687E8F9-2F3E-4505-99F1-8870CBC41E31}.Ad-Hoc|iPhone.ActiveCfg = Ad-Hoc|iPhone
		{A687E8F9-2F3E-4505-99F1-8870CBC41E31}.Ad-Hoc|iPhone.Build.0 = Ad-Hoc|iPhone
		{A687E8F9-2F3E-4505-99F1-8870CBC41E31}.Ad-Hoc|iPhoneSimulator.ActiveCfg = Ad-Hoc|iPhoneSimulator
		{A687E8F9-2F3E-4505-99F1-8870CBC41E31}.Ad-Hoc|iPhoneSimulator.Build.0 = Ad-Hoc|iPhoneSimulator
		{A687E8F9-2F3E-4505-99F1-8870CBC41E31}.Ad-Hoc|x64.ActiveCfg = Ad-Hoc|iPhone
		{A687E8F9-2F3E-4505-99F1-8870CBC41E31}.Ad-Hoc|x86.ActiveCfg = Ad-Hoc|iPhone
		{A687E8F9-2F3E-4505-99F1-8870CBC41E31}.AppStore|Any CPU.ActiveCfg = AppStore|iPhone
		{A687E8F9-2F3E-4505-99F1-8870CBC41E31}.AppStore|ARM.ActiveCfg = AppStore|iPhone
		{A687E8F9-2F3E-4505-99F1-8870CBC41E31}.AppStore|iPhone.ActiveCfg = AppStore|iPhone
		{A687E8F9-2F3E-4505-99F1-8870CBC41E31}.AppStore|iPhone.Build.0 = AppStore|iPhone
		{A687E8F9-2F3E-4505-99F1-8870CBC41E31}.AppStore|iPhoneSimulator.ActiveCfg = AppStore|iPhoneSimulator
		{A687E8F9-2F3E-4505-99F1-8870CBC41E31}.AppStore|iPhoneSimulator.Build.0 = AppStore|iPhoneSimulator
		{A687E8F9-2F3E-4505-99F1-8870CBC41E31}.AppStore|x64.ActiveCfg = AppStore|iPhone
		{A687E8F9-2F3E-4505-99F1-8870CBC41E31}.AppStore|x86.ActiveCfg = AppStore|iPhone
		{A687E8F9-2F3E-4505-99F1-8870CBC41E31}.Debug|Any CPU.ActiveCfg = Debug|iPhone
		{A687E8F9-2F3E-4505-99F1-8870CBC41E31}.Debug|ARM.ActiveCfg = Debug|iPhone
		{A687E8F9-2F3E-4505-99F1-8870CBC41E31}.Debug|iPhone.ActiveCfg = Debug|iPhone
		{A687E8F9-2F3E-4505-99F1-8870CBC41E31}.Debug|iPhone.Build.0 = Debug|iPhone
		{A687E8F9-2F3E-4505-99F1-8870CBC41E31}.Debug|iPhoneSimulator.ActiveCfg = Debug|iPhoneSimulator
		{A687E8F9-2F3E-4505-99F1-8870CBC41E31}.Debug|iPhoneSimulator.Build.0 = Debug|iPhoneSimulator
		{A687E8F9-2F3E-4505-99F1-8870CBC41E31}.Debug|x64.ActiveCfg = Debug|iPhone
		{A687E8F9-2F3E-4505-99F1-8870CBC41E31}.Debug|x86.ActiveCfg = Debug|iPhone
		{A687E8F9-2F3E-4505-99F1-8870CBC41E31}.Release|Any CPU.ActiveCfg = Release|iPhone
		{A687E8F9-2F3E-4505-99F1-8870CBC41E31}.Release|ARM.ActiveCfg = Release|iPhone
		{A687E8F9-2F3E-4505-99F1-8870CBC41E31}.Release|iPhone.ActiveCfg = Release|iPhone
		{A687E8F9-2F3E-4505-99F1-8870CBC41E31}.Release|iPhone.Build.0 = Release|iPhone
		{A687E8F9-2F3E-4505-99F1-8870CBC41E31}.Release|iPhoneSimulator.ActiveCfg = Release|iPhoneSimulator
		{A687E8F9-2F3E-4505-99F1-8870CBC41E31}.Release|iPhoneSimulator.Build.0 = Release|iPhoneSimulator
		{A687E8F9-2F3E-4505-99F1-8870CBC41E31}.Release|x64.ActiveCfg = Release|iPhone
		{A687E8F9-2F3E-4505-99F1-8870CBC41E31}.Release|x86.ActiveCfg = Release|iPhone
		{D75D28CB-072B-4436-B939-DB1640EC03FE}.Ad-Hoc|Any CPU.ActiveCfg = Release|Any CPU
		{D75D28CB-072B-4436-B939-DB1640EC03FE}.Ad-Hoc|Any CPU.Build.0 = Release|Any CPU
		{D75D28CB-072B-4436-B939-DB1640EC03FE}.Ad-Hoc|Any CPU.Deploy.0 = Release|Any CPU
		{D75D28CB-072B-4436-B939-DB1640EC03FE}.Ad-Hoc|ARM.ActiveCfg = Release|ARM
		{D75D28CB-072B-4436-B939-DB1640EC03FE}.Ad-Hoc|ARM.Build.0 = Release|ARM
		{D75D28CB-072B-4436-B939-DB1640EC03FE}.Ad-Hoc|ARM.Deploy.0 = Release|ARM
		{D75D28CB-072B-4436-B939-DB1640EC03FE}.Ad-Hoc|iPhone.ActiveCfg = Release|Any CPU
		{D75D28CB-072B-4436-B939-DB1640EC03FE}.Ad-Hoc|iPhone.Build.0 = Release|Any CPU
		{D75D28CB-072B-4436-B939-DB1640EC03FE}.Ad-Hoc|iPhone.Deploy.0 = Release|Any CPU
		{D75D28CB-072B-4436-B939-DB1640EC03FE}.Ad-Hoc|iPhoneSimulator.ActiveCfg = Release|Any CPU
		{D75D28CB-072B-4436-B939-DB1640EC03FE}.Ad-Hoc|iPhoneSimulator.Build.0 = Release|Any CPU
		{D75D28CB-072B-4436-B939-DB1640EC03FE}.Ad-Hoc|iPhoneSimulator.Deploy.0 = Release|Any CPU
		{D75D28CB-072B-4436-B939-DB1640EC03FE}.Ad-Hoc|x64.ActiveCfg = Release|Any CPU
		{D75D28CB-072B-4436-B939-DB1640EC03FE}.Ad-Hoc|x64.Build.0 = Release|Any CPU
		{D75D28CB-072B-4436-B939-DB1640EC03FE}.Ad-Hoc|x64.Deploy.0 = Release|Any CPU
		{D75D28CB-072B-4436-B939-DB1640EC03FE}.Ad-Hoc|x86.ActiveCfg = Release|x86
		{D75D28CB-072B-4436-B939-DB1640EC03FE}.Ad-Hoc|x86.Build.0 = Release|x86
		{D75D28CB-072B-4436-B939-DB1640EC03FE}.Ad-Hoc|x86.Deploy.0 = Release|x86
		{D75D28CB-072B-4436-B939-DB1640EC03FE}.AppStore|Any CPU.ActiveCfg = Release|Any CPU
		{D75D28CB-072B-4436-B939-DB1640EC03FE}.AppStore|Any CPU.Build.0 = Release|Any CPU
		{D75D28CB-072B-4436-B939-DB1640EC03FE}.AppStore|Any CPU.Deploy.0 = Release|Any CPU
		{D75D28CB-072B-4436-B939-DB1640EC03FE}.AppStore|ARM.ActiveCfg = Release|ARM
		{D75D28CB-072B-4436-B939-DB1640EC03FE}.AppStore|ARM.Build.0 = Release|ARM
		{D75D28CB-072B-4436-B939-DB1640EC03FE}.AppStore|ARM.Deploy.0 = Release|ARM
		{D75D28CB-072B-4436-B939-DB1640EC03FE}.AppStore|iPhone.ActiveCfg = Release|Any CPU
		{D75D28CB-072B-4436-B939-DB1640EC03FE}.AppStore|iPhone.Build.0 = Release|Any CPU
		{D75D28CB-072B-4436-B939-DB1640EC03FE}.AppStore|iPhone.Deploy.0 = Release|Any CPU
		{D75D28CB-072B-4436-B939-DB1640EC03FE}.AppStore|iPhoneSimulator.ActiveCfg = Release|Any CPU
		{D75D28CB-072B-4436-B939-DB1640EC03FE}.AppStore|iPhoneSimulator.Build.0 = Release|Any CPU
		{D75D28CB-072B-4436-B939-DB1640EC03FE}.AppStore|iPhoneSimulator.Deploy.0 = Release|Any CPU
		{D75D28CB-072B-4436-B939-DB1640EC03FE}.AppStore|x64.ActiveCfg = Release|Any CPU
		{D75D28CB-072B-4436-B939-DB1640EC03FE}.AppStore|x64.Build.0 = Release|Any CPU
		{D75D28CB-072B-4436-B939-DB1640EC03FE}.AppStore|x64.Deploy.0 = Release|Any CPU
		{D75D28CB-072B-4436-B939-DB1640EC03FE}.AppStore|x86.ActiveCfg = Release|x86
		{D75D28CB-072B-4436-B939-DB1640EC03FE}.AppStore|x86.Build.0 = Release|x86
		{D75D28CB-072B-4436-B939-DB1640EC03FE}.AppStore|x86.Deploy.0 = Release|x86
		{D75D28CB-072B-4436-B939-DB1640EC03FE}.Debug|Any CPU.ActiveCfg = Debug|Any CPU
		{D75D28CB-072B-4436-B939-DB1640EC03FE}.Debug|Any CPU.Build.0 = Debug|Any CPU
		{D75D28CB-072B-4436-B939-DB1640EC03FE}.Debug|Any CPU.Deploy.0 = Debug|Any CPU
		{D75D28CB-072B-4436-B939-DB1640EC03FE}.Debug|ARM.ActiveCfg = Debug|ARM
		{D75D28CB-072B-4436-B939-DB1640EC03FE}.Debug|ARM.Build.0 = Debug|ARM
		{D75D28CB-072B-4436-B939-DB1640EC03FE}.Debug|ARM.Deploy.0 = Debug|ARM
		{D75D28CB-072B-4436-B939-DB1640EC03FE}.Debug|iPhone.ActiveCfg = Debug|Any CPU
		{D75D28CB-072B-4436-B939-DB1640EC03FE}.Debug|iPhone.Build.0 = Debug|Any CPU
		{D75D28CB-072B-4436-B939-DB1640EC03FE}.Debug|iPhone.Deploy.0 = Debug|Any CPU
		{D75D28CB-072B-4436-B939-DB1640EC03FE}.Debug|iPhoneSimulator.ActiveCfg = Debug|Any CPU
		{D75D28CB-072B-4436-B939-DB1640EC03FE}.Debug|iPhoneSimulator.Build.0 = Debug|Any CPU
		{D75D28CB-072B-4436-B939-DB1640EC03FE}.Debug|iPhoneSimulator.Deploy.0 = Debug|Any CPU
		{D75D28CB-072B-4436-B939-DB1640EC03FE}.Debug|x64.ActiveCfg = Debug|Any CPU
		{D75D28CB-072B-4436-B939-DB1640EC03FE}.Debug|x64.Build.0 = Debug|Any CPU
		{D75D28CB-072B-4436-B939-DB1640EC03FE}.Debug|x64.Deploy.0 = Debug|Any CPU
		{D75D28CB-072B-4436-B939-DB1640EC03FE}.Debug|x86.ActiveCfg = Debug|x86
		{D75D28CB-072B-4436-B939-DB1640EC03FE}.Debug|x86.Build.0 = Debug|x86
		{D75D28CB-072B-4436-B939-DB1640EC03FE}.Debug|x86.Deploy.0 = Debug|x86
		{D75D28CB-072B-4436-B939-DB1640EC03FE}.Release|Any CPU.ActiveCfg = Release|Any CPU
		{D75D28CB-072B-4436-B939-DB1640EC03FE}.Release|Any CPU.Build.0 = Release|Any CPU
		{D75D28CB-072B-4436-B939-DB1640EC03FE}.Release|Any CPU.Deploy.0 = Release|Any CPU
		{D75D28CB-072B-4436-B939-DB1640EC03FE}.Release|ARM.ActiveCfg = Release|ARM
		{D75D28CB-072B-4436-B939-DB1640EC03FE}.Release|ARM.Build.0 = Release|ARM
		{D75D28CB-072B-4436-B939-DB1640EC03FE}.Release|ARM.Deploy.0 = Release|ARM
		{D75D28CB-072B-4436-B939-DB1640EC03FE}.Release|iPhone.ActiveCfg = Release|Any CPU
		{D75D28CB-072B-4436-B939-DB1640EC03FE}.Release|iPhone.Build.0 = Release|Any CPU
		{D75D28CB-072B-4436-B939-DB1640EC03FE}.Release|iPhone.Deploy.0 = Release|Any CPU
		{D75D28CB-072B-4436-B939-DB1640EC03FE}.Release|iPhoneSimulator.ActiveCfg = Release|Any CPU
		{D75D28CB-072B-4436-B939-DB1640EC03FE}.Release|iPhoneSimulator.Build.0 = Release|Any CPU
		{D75D28CB-072B-4436-B939-DB1640EC03FE}.Release|iPhoneSimulator.Deploy.0 = Release|Any CPU
		{D75D28CB-072B-4436-B939-DB1640EC03FE}.Release|x64.ActiveCfg = Release|Any CPU
		{D75D28CB-072B-4436-B939-DB1640EC03FE}.Release|x64.Build.0 = Release|Any CPU
		{D75D28CB-072B-4436-B939-DB1640EC03FE}.Release|x64.Deploy.0 = Release|Any CPU
		{D75D28CB-072B-4436-B939-DB1640EC03FE}.Release|x86.ActiveCfg = Release|x86
		{D75D28CB-072B-4436-B939-DB1640EC03FE}.Release|x86.Build.0 = Release|x86
		{D75D28CB-072B-4436-B939-DB1640EC03FE}.Release|x86.Deploy.0 = Release|x86
		{411C5D82-0056-4AFD-AA67-6CDA4AD888D4}.Ad-Hoc|Any CPU.ActiveCfg = Release|x86
		{411C5D82-0056-4AFD-AA67-6CDA4AD888D4}.Ad-Hoc|Any CPU.Build.0 = Release|x86
		{411C5D82-0056-4AFD-AA67-6CDA4AD888D4}.Ad-Hoc|Any CPU.Deploy.0 = Release|x86
		{411C5D82-0056-4AFD-AA67-6CDA4AD888D4}.Ad-Hoc|ARM.ActiveCfg = Release|ARM
		{411C5D82-0056-4AFD-AA67-6CDA4AD888D4}.Ad-Hoc|ARM.Build.0 = Release|ARM
		{411C5D82-0056-4AFD-AA67-6CDA4AD888D4}.Ad-Hoc|ARM.Deploy.0 = Release|ARM
		{411C5D82-0056-4AFD-AA67-6CDA4AD888D4}.Ad-Hoc|iPhone.ActiveCfg = Release|x86
		{411C5D82-0056-4AFD-AA67-6CDA4AD888D4}.Ad-Hoc|iPhone.Build.0 = Release|x86
		{411C5D82-0056-4AFD-AA67-6CDA4AD888D4}.Ad-Hoc|iPhone.Deploy.0 = Release|x86
		{411C5D82-0056-4AFD-AA67-6CDA4AD888D4}.Ad-Hoc|iPhoneSimulator.ActiveCfg = Release|x86
		{411C5D82-0056-4AFD-AA67-6CDA4AD888D4}.Ad-Hoc|iPhoneSimulator.Build.0 = Release|x86
		{411C5D82-0056-4AFD-AA67-6CDA4AD888D4}.Ad-Hoc|iPhoneSimulator.Deploy.0 = Release|x86
		{411C5D82-0056-4AFD-AA67-6CDA4AD888D4}.Ad-Hoc|x64.ActiveCfg = Release|x64
		{411C5D82-0056-4AFD-AA67-6CDA4AD888D4}.Ad-Hoc|x64.Build.0 = Release|x64
		{411C5D82-0056-4AFD-AA67-6CDA4AD888D4}.Ad-Hoc|x64.Deploy.0 = Release|x64
		{411C5D82-0056-4AFD-AA67-6CDA4AD888D4}.Ad-Hoc|x86.ActiveCfg = Release|x86
		{411C5D82-0056-4AFD-AA67-6CDA4AD888D4}.Ad-Hoc|x86.Build.0 = Release|x86
		{411C5D82-0056-4AFD-AA67-6CDA4AD888D4}.Ad-Hoc|x86.Deploy.0 = Release|x86
		{411C5D82-0056-4AFD-AA67-6CDA4AD888D4}.AppStore|Any CPU.ActiveCfg = Release|x86
		{411C5D82-0056-4AFD-AA67-6CDA4AD888D4}.AppStore|Any CPU.Build.0 = Release|x86
		{411C5D82-0056-4AFD-AA67-6CDA4AD888D4}.AppStore|Any CPU.Deploy.0 = Release|x86
		{411C5D82-0056-4AFD-AA67-6CDA4AD888D4}.AppStore|ARM.ActiveCfg = Release|ARM
		{411C5D82-0056-4AFD-AA67-6CDA4AD888D4}.AppStore|ARM.Build.0 = Release|ARM
		{411C5D82-0056-4AFD-AA67-6CDA4AD888D4}.AppStore|ARM.Deploy.0 = Release|ARM
		{411C5D82-0056-4AFD-AA67-6CDA4AD888D4}.AppStore|iPhone.ActiveCfg = Release|x86
		{411C5D82-0056-4AFD-AA67-6CDA4AD888D4}.AppStore|iPhone.Build.0 = Release|x86
		{411C5D82-0056-4AFD-AA67-6CDA4AD888D4}.AppStore|iPhone.Deploy.0 = Release|x86
		{411C5D82-0056-4AFD-AA67-6CDA4AD888D4}.AppStore|iPhoneSimulator.ActiveCfg = Release|x86
		{411C5D82-0056-4AFD-AA67-6CDA4AD888D4}.AppStore|iPhoneSimulator.Build.0 = Release|x86
		{411C5D82-0056-4AFD-AA67-6CDA4AD888D4}.AppStore|iPhoneSimulator.Deploy.0 = Release|x86
		{411C5D82-0056-4AFD-AA67-6CDA4AD888D4}.AppStore|x64.ActiveCfg = Release|x64
		{411C5D82-0056-4AFD-AA67-6CDA4AD888D4}.AppStore|x64.Build.0 = Release|x64
		{411C5D82-0056-4AFD-AA67-6CDA4AD888D4}.AppStore|x64.Deploy.0 = Release|x64
		{411C5D82-0056-4AFD-AA67-6CDA4AD888D4}.AppStore|x86.ActiveCfg = Release|x86
		{411C5D82-0056-4AFD-AA67-6CDA4AD888D4}.AppStore|x86.Build.0 = Release|x86
		{411C5D82-0056-4AFD-AA67-6CDA4AD888D4}.AppStore|x86.Deploy.0 = Release|x86
		{411C5D82-0056-4AFD-AA67-6CDA4AD888D4}.Debug|Any CPU.ActiveCfg = Debug|x86
		{411C5D82-0056-4AFD-AA67-6CDA4AD888D4}.Debug|ARM.ActiveCfg = Debug|ARM
		{411C5D82-0056-4AFD-AA67-6CDA4AD888D4}.Debug|ARM.Build.0 = Debug|ARM
		{411C5D82-0056-4AFD-AA67-6CDA4AD888D4}.Debug|ARM.Deploy.0 = Debug|ARM
		{411C5D82-0056-4AFD-AA67-6CDA4AD888D4}.Debug|iPhone.ActiveCfg = Debug|x86
		{411C5D82-0056-4AFD-AA67-6CDA4AD888D4}.Debug|iPhone.Build.0 = Debug|x86
		{411C5D82-0056-4AFD-AA67-6CDA4AD888D4}.Debug|iPhone.Deploy.0 = Debug|x86
		{411C5D82-0056-4AFD-AA67-6CDA4AD888D4}.Debug|iPhoneSimulator.ActiveCfg = Debug|x86
		{411C5D82-0056-4AFD-AA67-6CDA4AD888D4}.Debug|x64.ActiveCfg = Debug|x64
		{411C5D82-0056-4AFD-AA67-6CDA4AD888D4}.Debug|x64.Build.0 = Debug|x64
		{411C5D82-0056-4AFD-AA67-6CDA4AD888D4}.Debug|x64.Deploy.0 = Debug|x64
		{411C5D82-0056-4AFD-AA67-6CDA4AD888D4}.Debug|x86.ActiveCfg = Debug|x86
		{411C5D82-0056-4AFD-AA67-6CDA4AD888D4}.Debug|x86.Build.0 = Debug|x86
		{411C5D82-0056-4AFD-AA67-6CDA4AD888D4}.Debug|x86.Deploy.0 = Debug|x86
		{411C5D82-0056-4AFD-AA67-6CDA4AD888D4}.Release|Any CPU.ActiveCfg = Release|x86
		{411C5D82-0056-4AFD-AA67-6CDA4AD888D4}.Release|ARM.ActiveCfg = Release|ARM
		{411C5D82-0056-4AFD-AA67-6CDA4AD888D4}.Release|ARM.Build.0 = Release|ARM
		{411C5D82-0056-4AFD-AA67-6CDA4AD888D4}.Release|ARM.Deploy.0 = Release|ARM
		{411C5D82-0056-4AFD-AA67-6CDA4AD888D4}.Release|iPhone.ActiveCfg = Release|x86
		{411C5D82-0056-4AFD-AA67-6CDA4AD888D4}.Release|iPhoneSimulator.ActiveCfg = Release|x86
		{411C5D82-0056-4AFD-AA67-6CDA4AD888D4}.Release|x64.ActiveCfg = Release|x64
		{411C5D82-0056-4AFD-AA67-6CDA4AD888D4}.Release|x64.Build.0 = Release|x64
		{411C5D82-0056-4AFD-AA67-6CDA4AD888D4}.Release|x64.Deploy.0 = Release|x64
		{411C5D82-0056-4AFD-AA67-6CDA4AD888D4}.Release|x86.ActiveCfg = Release|x86
		{411C5D82-0056-4AFD-AA67-6CDA4AD888D4}.Release|x86.Build.0 = Release|x86
		{411C5D82-0056-4AFD-AA67-6CDA4AD888D4}.Release|x86.Deploy.0 = Release|x86
		{CB154258-5F58-43FA-B482-0C0F53B59185}.Ad-Hoc|Any CPU.ActiveCfg = Release|Any CPU
		{CB154258-5F58-43FA-B482-0C0F53B59185}.Ad-Hoc|Any CPU.Build.0 = Release|Any CPU
		{CB154258-5F58-43FA-B482-0C0F53B59185}.Ad-Hoc|Any CPU.Deploy.0 = Release|Any CPU
		{CB154258-5F58-43FA-B482-0C0F53B59185}.Ad-Hoc|ARM.ActiveCfg = Release|ARM
		{CB154258-5F58-43FA-B482-0C0F53B59185}.Ad-Hoc|ARM.Build.0 = Release|ARM
		{CB154258-5F58-43FA-B482-0C0F53B59185}.Ad-Hoc|ARM.Deploy.0 = Release|ARM
		{CB154258-5F58-43FA-B482-0C0F53B59185}.Ad-Hoc|iPhone.ActiveCfg = Release|Any CPU
		{CB154258-5F58-43FA-B482-0C0F53B59185}.Ad-Hoc|iPhone.Build.0 = Release|Any CPU
		{CB154258-5F58-43FA-B482-0C0F53B59185}.Ad-Hoc|iPhone.Deploy.0 = Release|Any CPU
		{CB154258-5F58-43FA-B482-0C0F53B59185}.Ad-Hoc|iPhoneSimulator.ActiveCfg = Release|Any CPU
		{CB154258-5F58-43FA-B482-0C0F53B59185}.Ad-Hoc|iPhoneSimulator.Build.0 = Release|Any CPU
		{CB154258-5F58-43FA-B482-0C0F53B59185}.Ad-Hoc|iPhoneSimulator.Deploy.0 = Release|Any CPU
		{CB154258-5F58-43FA-B482-0C0F53B59185}.Ad-Hoc|x64.ActiveCfg = Release|x64
		{CB154258-5F58-43FA-B482-0C0F53B59185}.Ad-Hoc|x64.Build.0 = Release|x64
		{CB154258-5F58-43FA-B482-0C0F53B59185}.Ad-Hoc|x64.Deploy.0 = Release|x64
		{CB154258-5F58-43FA-B482-0C0F53B59185}.Ad-Hoc|x86.ActiveCfg = Release|x86
		{CB154258-5F58-43FA-B482-0C0F53B59185}.Ad-Hoc|x86.Build.0 = Release|x86
		{CB154258-5F58-43FA-B482-0C0F53B59185}.Ad-Hoc|x86.Deploy.0 = Release|x86
		{CB154258-5F58-43FA-B482-0C0F53B59185}.AppStore|Any CPU.ActiveCfg = Release|Any CPU
		{CB154258-5F58-43FA-B482-0C0F53B59185}.AppStore|Any CPU.Build.0 = Release|Any CPU
		{CB154258-5F58-43FA-B482-0C0F53B59185}.AppStore|Any CPU.Deploy.0 = Release|Any CPU
		{CB154258-5F58-43FA-B482-0C0F53B59185}.AppStore|ARM.ActiveCfg = Release|ARM
		{CB154258-5F58-43FA-B482-0C0F53B59185}.AppStore|ARM.Build.0 = Release|ARM
		{CB154258-5F58-43FA-B482-0C0F53B59185}.AppStore|ARM.Deploy.0 = Release|ARM
		{CB154258-5F58-43FA-B482-0C0F53B59185}.AppStore|iPhone.ActiveCfg = Release|Any CPU
		{CB154258-5F58-43FA-B482-0C0F53B59185}.AppStore|iPhone.Build.0 = Release|Any CPU
		{CB154258-5F58-43FA-B482-0C0F53B59185}.AppStore|iPhone.Deploy.0 = Release|Any CPU
		{CB154258-5F58-43FA-B482-0C0F53B59185}.AppStore|iPhoneSimulator.ActiveCfg = Release|Any CPU
		{CB154258-5F58-43FA-B482-0C0F53B59185}.AppStore|iPhoneSimulator.Build.0 = Release|Any CPU
		{CB154258-5F58-43FA-B482-0C0F53B59185}.AppStore|iPhoneSimulator.Deploy.0 = Release|Any CPU
		{CB154258-5F58-43FA-B482-0C0F53B59185}.AppStore|x64.ActiveCfg = Release|x64
		{CB154258-5F58-43FA-B482-0C0F53B59185}.AppStore|x64.Build.0 = Release|x64
		{CB154258-5F58-43FA-B482-0C0F53B59185}.AppStore|x64.Deploy.0 = Release|x64
		{CB154258-5F58-43FA-B482-0C0F53B59185}.AppStore|x86.ActiveCfg = Release|x86
		{CB154258-5F58-43FA-B482-0C0F53B59185}.AppStore|x86.Build.0 = Release|x86
		{CB154258-5F58-43FA-B482-0C0F53B59185}.AppStore|x86.Deploy.0 = Release|x86
		{CB154258-5F58-43FA-B482-0C0F53B59185}.Debug|Any CPU.ActiveCfg = Debug|Any CPU
		{CB154258-5F58-43FA-B482-0C0F53B59185}.Debug|Any CPU.Build.0 = Debug|Any CPU
		{CB154258-5F58-43FA-B482-0C0F53B59185}.Debug|Any CPU.Deploy.0 = Debug|Any CPU
		{CB154258-5F58-43FA-B482-0C0F53B59185}.Debug|ARM.ActiveCfg = Debug|ARM
		{CB154258-5F58-43FA-B482-0C0F53B59185}.Debug|ARM.Build.0 = Debug|ARM
		{CB154258-5F58-43FA-B482-0C0F53B59185}.Debug|ARM.Deploy.0 = Debug|ARM
		{CB154258-5F58-43FA-B482-0C0F53B59185}.Debug|iPhone.ActiveCfg = Debug|Any CPU
		{CB154258-5F58-43FA-B482-0C0F53B59185}.Debug|iPhone.Build.0 = Debug|Any CPU
		{CB154258-5F58-43FA-B482-0C0F53B59185}.Debug|iPhone.Deploy.0 = Debug|Any CPU
		{CB154258-5F58-43FA-B482-0C0F53B59185}.Debug|iPhoneSimulator.ActiveCfg = Debug|Any CPU
		{CB154258-5F58-43FA-B482-0C0F53B59185}.Debug|iPhoneSimulator.Build.0 = Debug|Any CPU
		{CB154258-5F58-43FA-B482-0C0F53B59185}.Debug|iPhoneSimulator.Deploy.0 = Debug|Any CPU
		{CB154258-5F58-43FA-B482-0C0F53B59185}.Debug|x64.ActiveCfg = Debug|x64
		{CB154258-5F58-43FA-B482-0C0F53B59185}.Debug|x64.Build.0 = Debug|x64
		{CB154258-5F58-43FA-B482-0C0F53B59185}.Debug|x64.Deploy.0 = Debug|x64
		{CB154258-5F58-43FA-B482-0C0F53B59185}.Debug|x86.ActiveCfg = Debug|x86
		{CB154258-5F58-43FA-B482-0C0F53B59185}.Debug|x86.Build.0 = Debug|x86
		{CB154258-5F58-43FA-B482-0C0F53B59185}.Debug|x86.Deploy.0 = Debug|x86
		{CB154258-5F58-43FA-B482-0C0F53B59185}.Release|Any CPU.ActiveCfg = Release|Any CPU
		{CB154258-5F58-43FA-B482-0C0F53B59185}.Release|Any CPU.Build.0 = Release|Any CPU
		{CB154258-5F58-43FA-B482-0C0F53B59185}.Release|Any CPU.Deploy.0 = Release|Any CPU
		{CB154258-5F58-43FA-B482-0C0F53B59185}.Release|ARM.ActiveCfg = Release|ARM
		{CB154258-5F58-43FA-B482-0C0F53B59185}.Release|ARM.Build.0 = Release|ARM
		{CB154258-5F58-43FA-B482-0C0F53B59185}.Release|ARM.Deploy.0 = Release|ARM
		{CB154258-5F58-43FA-B482-0C0F53B59185}.Release|iPhone.ActiveCfg = Release|Any CPU
		{CB154258-5F58-43FA-B482-0C0F53B59185}.Release|iPhone.Build.0 = Release|Any CPU
		{CB154258-5F58-43FA-B482-0C0F53B59185}.Release|iPhone.Deploy.0 = Release|Any CPU
		{CB154258-5F58-43FA-B482-0C0F53B59185}.Release|iPhoneSimulator.ActiveCfg = Release|Any CPU
		{CB154258-5F58-43FA-B482-0C0F53B59185}.Release|iPhoneSimulator.Build.0 = Release|Any CPU
		{CB154258-5F58-43FA-B482-0C0F53B59185}.Release|iPhoneSimulator.Deploy.0 = Release|Any CPU
		{CB154258-5F58-43FA-B482-0C0F53B59185}.Release|x64.ActiveCfg = Release|x64
		{CB154258-5F58-43FA-B482-0C0F53B59185}.Release|x64.Build.0 = Release|x64
		{CB154258-5F58-43FA-B482-0C0F53B59185}.Release|x64.Deploy.0 = Release|x64
		{CB154258-5F58-43FA-B482-0C0F53B59185}.Release|x86.ActiveCfg = Release|x86
		{CB154258-5F58-43FA-B482-0C0F53B59185}.Release|x86.Build.0 = Release|x86
		{CB154258-5F58-43FA-B482-0C0F53B59185}.Release|x86.Deploy.0 = Release|x86
	EndGlobalSection
	GlobalSection(SolutionProperties) = preSolution
		HideSolutionNode = FALSE
	EndGlobalSection
	GlobalSection(NestedProjects) = preSolution
		{29D7C2E8-D844-4670-85CC-BFB2469BD847} = {2BB5C516-D933-427B-9E7C-5D7E9A4D58BE}
		{060E523E-6838-46E5-AF6C-F6936F6B6A44} = {84D38C2F-5BA6-40DE-9F6D-7AF3D2CE14EE}
		{F4B77395-552C-4088-A042-3AEB4CF36566} = {84D38C2F-5BA6-40DE-9F6D-7AF3D2CE14EE}
		{8C9E96C2-A26A-4CAF-99B5-61A9CA987FD6} = {84D38C2F-5BA6-40DE-9F6D-7AF3D2CE14EE}
		{4E3FD59A-59E8-47BB-B396-1E71F688E990} = {84D38C2F-5BA6-40DE-9F6D-7AF3D2CE14EE}
		{970EAD8C-A8AD-411E-B878-6E98EA7DE090} = {6C3896B1-A059-470C-BAB7-D3C32D7A9B43}
		{F4618298-534D-49F4-9117-7C80A8C22BFB} = {07064A53-B81B-4046-BCC5-22FD027127E5}
		{E5B70DF5-D601-43C3-83E2-3B6A64799F4C} = {07064A53-B81B-4046-BCC5-22FD027127E5}
		{A687E8F9-2F3E-4505-99F1-8870CBC41E31} = {07064A53-B81B-4046-BCC5-22FD027127E5}
		{D75D28CB-072B-4436-B939-DB1640EC03FE} = {07064A53-B81B-4046-BCC5-22FD027127E5}
		{411C5D82-0056-4AFD-AA67-6CDA4AD888D4} = {07064A53-B81B-4046-BCC5-22FD027127E5}
		{CB154258-5F58-43FA-B482-0C0F53B59185} = {07064A53-B81B-4046-BCC5-22FD027127E5}
	EndGlobalSection
EndGlobal
